
Microsoft Visual Studio Solution File, Format Version 12.00
# Visual Studio 14
VisualStudioVersion = 14.0.22310.1
MinimumVisualStudioVersion = 10.0.40219.1
Project("{262852C6-CD72-467D-83FE-5EEB1973A190}") = "JustinCredible.SampleApp.Client", "Sample-App\JustinCredible.SampleApp.Client.jsproj", "{77678A35-F59B-4BE9-A277-1E79A9014D7E}"
EndProject
Project("{2150E333-8FDC-42A3-9474-1A3956D46DE8}") = "Solution Items", "Solution Items", "{7BA14619-FAE8-4A08-BE35-965EE3FAACF7}"
	ProjectSection(SolutionItems) = preProject
		Sample-App\.jscsrc = Sample-App\.jscsrc
		Sample-App\.jshintrc = Sample-App\.jshintrc
		Sample-App\.weignore = Sample-App\.weignore
		Sample-App\tslint.json = Sample-App\tslint.json
		WebEssentials-Settings.json = WebEssentials-Settings.json
	EndProjectSection
EndProject
Global
	GlobalSection(SolutionConfigurationPlatforms) = preSolution
		Debug|Android = Debug|Android
		Debug|iOS = Debug|iOS
		Debug|Windows Phone (Universal) = Debug|Windows Phone (Universal)
		Debug|Windows Phone 8 = Debug|Windows Phone 8
		Debug|Windows-AnyCPU = Debug|Windows-AnyCPU
		Debug|Windows-ARM = Debug|Windows-ARM
		Debug|Windows-x64 = Debug|Windows-x64
		Debug|Windows-x86 = Debug|Windows-x86
		Distribution|Android = Distribution|Android
		Distribution|iOS = Distribution|iOS
		Distribution|Windows Phone (Universal) = Distribution|Windows Phone (Universal)
		Distribution|Windows Phone 8 = Distribution|Windows Phone 8
		Distribution|Windows-AnyCPU = Distribution|Windows-AnyCPU
		Distribution|Windows-ARM = Distribution|Windows-ARM
		Distribution|Windows-x64 = Distribution|Windows-x64
		Distribution|Windows-x86 = Distribution|Windows-x86
		Release|Android = Release|Android
		Release|iOS = Release|iOS
		Release|Windows Phone (Universal) = Release|Windows Phone (Universal)
		Release|Windows Phone 8 = Release|Windows Phone 8
		Release|Windows-AnyCPU = Release|Windows-AnyCPU
		Release|Windows-ARM = Release|Windows-ARM
		Release|Windows-x64 = Release|Windows-x64
		Release|Windows-x86 = Release|Windows-x86
	EndGlobalSection
	GlobalSection(ProjectConfigurationPlatforms) = postSolution
		{77678A35-F59B-4BE9-A277-1E79A9014D7E}.Debug|Android.ActiveCfg = Debug|Android
		{77678A35-F59B-4BE9-A277-1E79A9014D7E}.Debug|Android.Build.0 = Debug|Android
		{77678A35-F59B-4BE9-A277-1E79A9014D7E}.Debug|Android.Deploy.0 = Debug|Android
		{77678A35-F59B-4BE9-A277-1E79A9014D7E}.Debug|iOS.ActiveCfg = Debug|iOS
		{77678A35-F59B-4BE9-A277-1E79A9014D7E}.Debug|iOS.Build.0 = Debug|iOS
		{77678A35-F59B-4BE9-A277-1E79A9014D7E}.Debug|iOS.Deploy.0 = Debug|iOS
		{77678A35-F59B-4BE9-A277-1E79A9014D7E}.Debug|Windows Phone (Universal).ActiveCfg = Debug|Windows Phone (Universal)
		{77678A35-F59B-4BE9-A277-1E79A9014D7E}.Debug|Windows Phone (Universal).Build.0 = Debug|Windows Phone (Universal)
		{77678A35-F59B-4BE9-A277-1E79A9014D7E}.Debug|Windows Phone (Universal).Deploy.0 = Debug|Windows Phone (Universal)
		{77678A35-F59B-4BE9-A277-1E79A9014D7E}.Debug|Windows Phone 8.ActiveCfg = Debug|Windows Phone 8
		{77678A35-F59B-4BE9-A277-1E79A9014D7E}.Debug|Windows Phone 8.Build.0 = Debug|Windows Phone 8
		{77678A35-F59B-4BE9-A277-1E79A9014D7E}.Debug|Windows Phone 8.Deploy.0 = Debug|Windows Phone 8
		{77678A35-F59B-4BE9-A277-1E79A9014D7E}.Debug|Windows-AnyCPU.ActiveCfg = Debug|Windows-AnyCPU
		{77678A35-F59B-4BE9-A277-1E79A9014D7E}.Debug|Windows-AnyCPU.Build.0 = Debug|Windows-AnyCPU
		{77678A35-F59B-4BE9-A277-1E79A9014D7E}.Debug|Windows-AnyCPU.Deploy.0 = Debug|Windows-AnyCPU
		{77678A35-F59B-4BE9-A277-1E79A9014D7E}.Debug|Windows-ARM.ActiveCfg = Debug|Windows-ARM
		{77678A35-F59B-4BE9-A277-1E79A9014D7E}.Debug|Windows-ARM.Build.0 = Debug|Windows-ARM
		{77678A35-F59B-4BE9-A277-1E79A9014D7E}.Debug|Windows-ARM.Deploy.0 = Debug|Windows-ARM
		{77678A35-F59B-4BE9-A277-1E79A9014D7E}.Debug|Windows-x64.ActiveCfg = Debug|Windows-x64
		{77678A35-F59B-4BE9-A277-1E79A9014D7E}.Debug|Windows-x64.Build.0 = Debug|Windows-x64
		{77678A35-F59B-4BE9-A277-1E79A9014D7E}.Debug|Windows-x64.Deploy.0 = Debug|Windows-x64
		{77678A35-F59B-4BE9-A277-1E79A9014D7E}.Debug|Windows-x86.ActiveCfg = Debug|Windows-x86
		{77678A35-F59B-4BE9-A277-1E79A9014D7E}.Debug|Windows-x86.Build.0 = Debug|Windows-x86
		{77678A35-F59B-4BE9-A277-1E79A9014D7E}.Debug|Windows-x86.Deploy.0 = Debug|Windows-x86
		{77678A35-F59B-4BE9-A277-1E79A9014D7E}.Distribution|Android.ActiveCfg = Distribution|Android
		{77678A35-F59B-4BE9-A277-1E79A9014D7E}.Distribution|Android.Build.0 = Distribution|Android
		{77678A35-F59B-4BE9-A277-1E79A9014D7E}.Distribution|Android.Deploy.0 = Distribution|Android
		{77678A35-F59B-4BE9-A277-1E79A9014D7E}.Distribution|iOS.ActiveCfg = Distribution|iOS
		{77678A35-F59B-4BE9-A277-1E79A9014D7E}.Distribution|iOS.Build.0 = Distribution|iOS
		{77678A35-F59B-4BE9-A277-1E79A9014D7E}.Distribution|iOS.Deploy.0 = Distribution|iOS
		{77678A35-F59B-4BE9-A277-1E79A9014D7E}.Distribution|Windows Phone (Universal).ActiveCfg = Distribution|Windows Phone (Universal)
		{77678A35-F59B-4BE9-A277-1E79A9014D7E}.Distribution|Windows Phone (Universal).Build.0 = Distribution|Windows Phone (Universal)
		{77678A35-F59B-4BE9-A277-1E79A9014D7E}.Distribution|Windows Phone (Universal).Deploy.0 = Distribution|Windows Phone (Universal)
		{77678A35-F59B-4BE9-A277-1E79A9014D7E}.Distribution|Windows Phone 8.ActiveCfg = Distribution|Windows Phone 8
		{77678A35-F59B-4BE9-A277-1E79A9014D7E}.Distribution|Windows Phone 8.Build.0 = Distribution|Windows Phone 8
		{77678A35-F59B-4BE9-A277-1E79A9014D7E}.Distribution|Windows Phone 8.Deploy.0 = Distribution|Windows Phone 8
		{77678A35-F59B-4BE9-A277-1E79A9014D7E}.Distribution|Windows-AnyCPU.ActiveCfg = Distribution|Windows-AnyCPU
		{77678A35-F59B-4BE9-A277-1E79A9014D7E}.Distribution|Windows-AnyCPU.Build.0 = Distribution|Windows-AnyCPU
		{77678A35-F59B-4BE9-A277-1E79A9014D7E}.Distribution|Windows-AnyCPU.Deploy.0 = Distribution|Windows-AnyCPU
		{77678A35-F59B-4BE9-A277-1E79A9014D7E}.Distribution|Windows-ARM.ActiveCfg = Distribution|Windows-ARM
		{77678A35-F59B-4BE9-A277-1E79A9014D7E}.Distribution|Windows-ARM.Build.0 = Distribution|Windows-ARM
		{77678A35-F59B-4BE9-A277-1E79A9014D7E}.Distribution|Windows-ARM.Deploy.0 = Distribution|Windows-ARM
		{77678A35-F59B-4BE9-A277-1E79A9014D7E}.Distribution|Windows-x64.ActiveCfg = Distribution|Windows-x64
		{77678A35-F59B-4BE9-A277-1E79A9014D7E}.Distribution|Windows-x64.Build.0 = Distribution|Windows-x64
		{77678A35-F59B-4BE9-A277-1E79A9014D7E}.Distribution|Windows-x64.Deploy.0 = Distribution|Windows-x64
		{77678A35-F59B-4BE9-A277-1E79A9014D7E}.Distribution|Windows-x86.ActiveCfg = Distribution|Windows-x86
		{77678A35-F59B-4BE9-A277-1E79A9014D7E}.Distribution|Windows-x86.Build.0 = Distribution|Windows-x86
		{77678A35-F59B-4BE9-A277-1E79A9014D7E}.Distribution|Windows-x86.Deploy.0 = Distribution|Windows-x86
		{77678A35-F59B-4BE9-A277-1E79A9014D7E}.Release|Android.ActiveCfg = Release|Android
		{77678A35-F59B-4BE9-A277-1E79A9014D7E}.Release|Android.Build.0 = Release|Android
		{77678A35-F59B-4BE9-A277-1E79A9014D7E}.Release|Android.Deploy.0 = Release|Android
		{77678A35-F59B-4BE9-A277-1E79A9014D7E}.Release|iOS.ActiveCfg = Release|iOS
		{77678A35-F59B-4BE9-A277-1E79A9014D7E}.Release|iOS.Build.0 = Release|iOS
		{77678A35-F59B-4BE9-A277-1E79A9014D7E}.Release|iOS.Deploy.0 = Release|iOS
		{77678A35-F59B-4BE9-A277-1E79A9014D7E}.Release|Windows Phone (Universal).ActiveCfg = Release|Windows Phone (Universal)
		{77678A35-F59B-4BE9-A277-1E79A9014D7E}.Release|Windows Phone (Universal).Build.0 = Release|Windows Phone (Universal)
		{77678A35-F59B-4BE9-A277-1E79A9014D7E}.Release|Windows Phone (Universal).Deploy.0 = Release|Windows Phone (Universal)
		{77678A35-F59B-4BE9-A277-1E79A9014D7E}.Release|Windows Phone 8.ActiveCfg = Release|Windows Phone 8
		{77678A35-F59B-4BE9-A277-1E79A9014D7E}.Release|Windows Phone 8.Build.0 = Release|Windows Phone 8
		{77678A35-F59B-4BE9-A277-1E79A9014D7E}.Release|Windows Phone 8.Deploy.0 = Release|Windows Phone 8
		{77678A35-F59B-4BE9-A277-1E79A9014D7E}.Release|Windows-AnyCPU.ActiveCfg = Release|Windows-AnyCPU
		{77678A35-F59B-4BE9-A277-1E79A9014D7E}.Release|Windows-AnyCPU.Build.0 = Release|Windows-AnyCPU
		{77678A35-F59B-4BE9-A277-1E79A9014D7E}.Release|Windows-AnyCPU.Deploy.0 = Release|Windows-AnyCPU
		{77678A35-F59B-4BE9-A277-1E79A9014D7E}.Release|Windows-ARM.ActiveCfg = Release|Windows-ARM
		{77678A35-F59B-4BE9-A277-1E79A9014D7E}.Release|Windows-ARM.Build.0 = Release|Windows-ARM
		{77678A35-F59B-4BE9-A277-1E79A9014D7E}.Release|Windows-ARM.Deploy.0 = Release|Windows-ARM
		{77678A35-F59B-4BE9-A277-1E79A9014D7E}.Release|Windows-x64.ActiveCfg = Release|Windows-x64
		{77678A35-F59B-4BE9-A277-1E79A9014D7E}.Release|Windows-x64.Build.0 = Release|Windows-x64
		{77678A35-F59B-4BE9-A277-1E79A9014D7E}.Release|Windows-x64.Deploy.0 = Release|Windows-x64
		{77678A35-F59B-4BE9-A277-1E79A9014D7E}.Release|Windows-x86.ActiveCfg = Release|Windows-x86
		{77678A35-F59B-4BE9-A277-1E79A9014D7E}.Release|Windows-x86.Build.0 = Release|Windows-x86
		{77678A35-F59B-4BE9-A277-1E79A9014D7E}.Release|Windows-x86.Deploy.0 = Release|Windows-x86
	EndGlobalSection
	GlobalSection(SolutionProperties) = preSolution
		HideSolutionNode = FALSE
	EndGlobalSection
EndGlobal
